// !$*UTF8*$!
{
	archiveVersion = 1;
	classes = {
	};
	objectVersion = 46;
	objects = {

/* Begin PBXBuildFile section */
		4110D65E1AAA6A3500963C3E /* main.m in Sources */ = {isa = PBXBuildFile; fileRef = 4110D65D1AAA6A3500963C3E /* main.m */; };
		4110D6611AAA6A3500963C3E /* SEQAppDelegate.m in Sources */ = {isa = PBXBuildFile; fileRef = 4110D6601AAA6A3500963C3E /* SEQAppDelegate.m */; };
		4110D6641AAA6A3500963C3E /* SEQHarmonicGridViewController.m in Sources */ = {isa = PBXBuildFile; fileRef = 4110D6631AAA6A3500963C3E /* SEQHarmonicGridViewController.m */; };
		4110D6691AAA6A3500963C3E /* Images.xcassets in Resources */ = {isa = PBXBuildFile; fileRef = 4110D6681AAA6A3500963C3E /* Images.xcassets */; };
		4110D66C1AAA6A3500963C3E /* LaunchScreen.xib in Resources */ = {isa = PBXBuildFile; fileRef = 4110D66A1AAA6A3500963C3E /* LaunchScreen.xib */; };
		4110D6781AAA6A3600963C3E /* sequencerTests.m in Sources */ = {isa = PBXBuildFile; fileRef = 4110D6771AAA6A3600963C3E /* sequencerTests.m */; };
		412FF26A1AAB868700124931 /* SEQHarmonicGridLayout.m in Sources */ = {isa = PBXBuildFile; fileRef = 412FF2691AAB868700124931 /* SEQHarmonicGridLayout.m */; };
		416FA7731AAB1C1700CC09C2 /* SEQHarmonicGridCell.m in Sources */ = {isa = PBXBuildFile; fileRef = 416FA7711AAB1C1700CC09C2 /* SEQHarmonicGridCell.m */; };
		416FA7741AAB1C1700CC09C2 /* SEQHarmonicGridCell.xib in Resources */ = {isa = PBXBuildFile; fileRef = 416FA7721AAB1C1700CC09C2 /* SEQHarmonicGridCell.xib */; };
		41BD089D1AAB028700020457 /* SEQHarmonicGridCollectionView.m in Sources */ = {isa = PBXBuildFile; fileRef = 41BD089B1AAB028700020457 /* SEQHarmonicGridCollectionView.m */; };
		41BD089E1AAB028700020457 /* SEQHarmonicGridViewController.xib in Resources */ = {isa = PBXBuildFile; fileRef = 41BD089C1AAB028700020457 /* SEQHarmonicGridViewController.xib */; };
		C7CAE56E36855A8834D2E7DE /* libPods.a in Frameworks */ = {isa = PBXBuildFile; fileRef = 4196359D5D5736071C76DB26 /* libPods.a */; };
/* End PBXBuildFile section */

/* Begin PBXContainerItemProxy section */
		4110D6721AAA6A3600963C3E /* PBXContainerItemProxy */ = {
			isa = PBXContainerItemProxy;
			containerPortal = 4110D6501AAA6A3500963C3E /* Project object */;
			proxyType = 1;
			remoteGlobalIDString = 4110D6571AAA6A3500963C3E;
			remoteInfo = sequencer;
		};
/* End PBXContainerItemProxy section */

/* Begin PBXFileReference section */
		4110D6581AAA6A3500963C3E /* sequencer.app */ = {isa = PBXFileReference; explicitFileType = wrapper.application; includeInIndex = 0; path = sequencer.app; sourceTree = BUILT_PRODUCTS_DIR; };
		4110D65C1AAA6A3500963C3E /* Info.plist */ = {isa = PBXFileReference; lastKnownFileType = text.plist.xml; path = Info.plist; sourceTree = "<group>"; };
		4110D65D1AAA6A3500963C3E /* main.m */ = {isa = PBXFileReference; lastKnownFileType = sourcecode.c.objc; path = main.m; sourceTree = "<group>"; };
		4110D65F1AAA6A3500963C3E /* SEQAppDelegate.h */ = {isa = PBXFileReference; lastKnownFileType = sourcecode.c.h; path = SEQAppDelegate.h; sourceTree = "<group>"; };
		4110D6601AAA6A3500963C3E /* SEQAppDelegate.m */ = {isa = PBXFileReference; lastKnownFileType = sourcecode.c.objc; path = SEQAppDelegate.m; sourceTree = "<group>"; };
		4110D6621AAA6A3500963C3E /* SEQHarmonicGridViewController.h */ = {isa = PBXFileReference; lastKnownFileType = sourcecode.c.h; path = SEQHarmonicGridViewController.h; sourceTree = "<group>"; };
		4110D6631AAA6A3500963C3E /* SEQHarmonicGridViewController.m */ = {isa = PBXFileReference; lastKnownFileType = sourcecode.c.objc; path = SEQHarmonicGridViewController.m; sourceTree = "<group>"; };
		4110D6681AAA6A3500963C3E /* Images.xcassets */ = {isa = PBXFileReference; lastKnownFileType = folder.assetcatalog; path = Images.xcassets; sourceTree = "<group>"; };
		4110D66B1AAA6A3500963C3E /* Base */ = {isa = PBXFileReference; lastKnownFileType = file.xib; name = Base; path = Base.lproj/LaunchScreen.xib; sourceTree = "<group>"; };
		4110D6711AAA6A3600963C3E /* sequencerTests.xctest */ = {isa = PBXFileReference; explicitFileType = wrapper.cfbundle; includeInIndex = 0; path = sequencerTests.xctest; sourceTree = BUILT_PRODUCTS_DIR; };
		4110D6761AAA6A3600963C3E /* Info.plist */ = {isa = PBXFileReference; lastKnownFileType = text.plist.xml; path = Info.plist; sourceTree = "<group>"; };
		4110D6771AAA6A3600963C3E /* sequencerTests.m */ = {isa = PBXFileReference; lastKnownFileType = sourcecode.c.objc; path = sequencerTests.m; sourceTree = "<group>"; };
		412FF2681AAB868700124931 /* SEQHarmonicGridLayout.h */ = {isa = PBXFileReference; fileEncoding = 4; lastKnownFileType = sourcecode.c.h; path = SEQHarmonicGridLayout.h; sourceTree = "<group>"; };
		412FF2691AAB868700124931 /* SEQHarmonicGridLayout.m */ = {isa = PBXFileReference; fileEncoding = 4; lastKnownFileType = sourcecode.c.objc; path = SEQHarmonicGridLayout.m; sourceTree = "<group>"; };
		416FA7701AAB1C1700CC09C2 /* SEQHarmonicGridCell.h */ = {isa = PBXFileReference; fileEncoding = 4; lastKnownFileType = sourcecode.c.h; path = SEQHarmonicGridCell.h; sourceTree = "<group>"; };
		416FA7711AAB1C1700CC09C2 /* SEQHarmonicGridCell.m */ = {isa = PBXFileReference; fileEncoding = 4; lastKnownFileType = sourcecode.c.objc; path = SEQHarmonicGridCell.m; sourceTree = "<group>"; };
		416FA7721AAB1C1700CC09C2 /* SEQHarmonicGridCell.xib */ = {isa = PBXFileReference; fileEncoding = 4; lastKnownFileType = file.xib; path = SEQHarmonicGridCell.xib; sourceTree = "<group>"; };
		4196359D5D5736071C76DB26 /* libPods.a */ = {isa = PBXFileReference; explicitFileType = archive.ar; includeInIndex = 0; path = libPods.a; sourceTree = BUILT_PRODUCTS_DIR; };
		41BD089A1AAB028700020457 /* SEQHarmonicGridCollectionView.h */ = {isa = PBXFileReference; fileEncoding = 4; lastKnownFileType = sourcecode.c.h; name = SEQHarmonicGridCollectionView.h; path = ../SEQHarmonicGridCollectionView.h; sourceTree = "<group>"; };
		41BD089B1AAB028700020457 /* SEQHarmonicGridCollectionView.m */ = {isa = PBXFileReference; fileEncoding = 4; lastKnownFileType = sourcecode.c.objc; name = SEQHarmonicGridCollectionView.m; path = ../SEQHarmonicGridCollectionView.m; sourceTree = "<group>"; };
		41BD089C1AAB028700020457 /* SEQHarmonicGridViewController.xib */ = {isa = PBXFileReference; fileEncoding = 4; lastKnownFileType = file.xib; name = SEQHarmonicGridViewController.xib; path = ../SEQHarmonicGridViewController.xib; sourceTree = "<group>"; };
		AE1166DFA789C5706459A499 /* Pods.debug.xcconfig */ = {isa = PBXFileReference; includeInIndex = 1; lastKnownFileType = text.xcconfig; name = Pods.debug.xcconfig; path = "Pods/Target Support Files/Pods/Pods.debug.xcconfig"; sourceTree = "<group>"; };
		E997252DD591CCAEFC89DAB5 /* Pods.release.xcconfig */ = {isa = PBXFileReference; includeInIndex = 1; lastKnownFileType = text.xcconfig; name = Pods.release.xcconfig; path = "Pods/Target Support Files/Pods/Pods.release.xcconfig"; sourceTree = "<group>"; };
/* End PBXFileReference section */

/* Begin PBXFrameworksBuildPhase section */
		4110D6551AAA6A3500963C3E /* Frameworks */ = {
			isa = PBXFrameworksBuildPhase;
			buildActionMask = 2147483647;
			files = (
				C7CAE56E36855A8834D2E7DE /* libPods.a in Frameworks */,
			);
			runOnlyForDeploymentPostprocessing = 0;
		};
		4110D66E1AAA6A3600963C3E /* Frameworks */ = {
			isa = PBXFrameworksBuildPhase;
			buildActionMask = 2147483647;
			files = (
			);
			runOnlyForDeploymentPostprocessing = 0;
		};
/* End PBXFrameworksBuildPhase section */

/* Begin PBXGroup section */
		3B7F0E52C7A43D0619A1BA7D /* Frameworks */ = {
			isa = PBXGroup;
			children = (
				4196359D5D5736071C76DB26 /* libPods.a */,
			);
			name = Frameworks;
			sourceTree = "<group>";
		};
		4110D64F1AAA6A3500963C3E = {
			isa = PBXGroup;
			children = (
				4110D65A1AAA6A3500963C3E /* sequencer */,
				4110D6741AAA6A3600963C3E /* sequencerTests */,
				4110D6591AAA6A3500963C3E /* Products */,
				AF6FE834D9460B80A9EB7E02 /* Pods */,
				3B7F0E52C7A43D0619A1BA7D /* Frameworks */,
			);
			sourceTree = "<group>";
		};
		4110D6591AAA6A3500963C3E /* Products */ = {
			isa = PBXGroup;
			children = (
				4110D6581AAA6A3500963C3E /* sequencer.app */,
				4110D6711AAA6A3600963C3E /* sequencerTests.xctest */,
			);
			name = Products;
			sourceTree = "<group>";
		};
		4110D65A1AAA6A3500963C3E /* sequencer */ = {
			isa = PBXGroup;
			children = (
				4110D65F1AAA6A3500963C3E /* SEQAppDelegate.h */,
				4110D6601AAA6A3500963C3E /* SEQAppDelegate.m */,
				416FA7751AAB1CC400CC09C2 /* Harmonic Grid View */,
				4110D6681AAA6A3500963C3E /* Images.xcassets */,
				4110D66A1AAA6A3500963C3E /* LaunchScreen.xib */,
				4110D65B1AAA6A3500963C3E /* Supporting Files */,
			);
			path = sequencer;
			sourceTree = "<group>";
		};
		4110D65B1AAA6A3500963C3E /* Supporting Files */ = {
			isa = PBXGroup;
			children = (
				4110D65C1AAA6A3500963C3E /* Info.plist */,
				4110D65D1AAA6A3500963C3E /* main.m */,
			);
			name = "Supporting Files";
			sourceTree = "<group>";
		};
		4110D6741AAA6A3600963C3E /* sequencerTests */ = {
			isa = PBXGroup;
			children = (
				4110D6771AAA6A3600963C3E /* sequencerTests.m */,
				4110D6751AAA6A3600963C3E /* Supporting Files */,
			);
			path = sequencerTests;
			sourceTree = "<group>";
		};
		4110D6751AAA6A3600963C3E /* Supporting Files */ = {
			isa = PBXGroup;
			children = (
				4110D6761AAA6A3600963C3E /* Info.plist */,
			);
			name = "Supporting Files";
			sourceTree = "<group>";
		};
		416FA7751AAB1CC400CC09C2 /* Harmonic Grid View */ = {
			isa = PBXGroup;
			children = (
				4110D6621AAA6A3500963C3E /* SEQHarmonicGridViewController.h */,
				4110D6631AAA6A3500963C3E /* SEQHarmonicGridViewController.m */,
				41BD089C1AAB028700020457 /* SEQHarmonicGridViewController.xib */,
				416FA7701AAB1C1700CC09C2 /* SEQHarmonicGridCell.h */,
				416FA7711AAB1C1700CC09C2 /* SEQHarmonicGridCell.m */,
				416FA7721AAB1C1700CC09C2 /* SEQHarmonicGridCell.xib */,
				41BD089A1AAB028700020457 /* SEQHarmonicGridCollectionView.h */,
				41BD089B1AAB028700020457 /* SEQHarmonicGridCollectionView.m */,
				412FF2681AAB868700124931 /* SEQHarmonicGridLayout.h */,
				412FF2691AAB868700124931 /* SEQHarmonicGridLayout.m */,
			);
			name = "Harmonic Grid View";
			sourceTree = "<group>";
		};
		AF6FE834D9460B80A9EB7E02 /* Pods */ = {
			isa = PBXGroup;
			children = (
				AE1166DFA789C5706459A499 /* Pods.debug.xcconfig */,
				E997252DD591CCAEFC89DAB5 /* Pods.release.xcconfig */,
			);
			name = Pods;
			sourceTree = "<group>";
		};
/* End PBXGroup section */

/* Begin PBXNativeTarget section */
		4110D6571AAA6A3500963C3E /* sequencer */ = {
			isa = PBXNativeTarget;
			buildConfigurationList = 4110D67B1AAA6A3600963C3E /* Build configuration list for PBXNativeTarget "sequencer" */;
			buildPhases = (
				DFF5AB49E91878E2BCAA2EBB /* Check Pods Manifest.lock */,
				4110D6541AAA6A3500963C3E /* Sources */,
				4110D6551AAA6A3500963C3E /* Frameworks */,
				4110D6561AAA6A3500963C3E /* Resources */,
				62E0B68C5E240CAAAF55778F /* Copy Pods Resources */,
			);
			buildRules = (
			);
			dependencies = (
			);
			name = sequencer;
			productName = sequencer;
			productReference = 4110D6581AAA6A3500963C3E /* sequencer.app */;
			productType = "com.apple.product-type.application";
		};
		4110D6701AAA6A3600963C3E /* sequencerTests */ = {
			isa = PBXNativeTarget;
			buildConfigurationList = 4110D67E1AAA6A3600963C3E /* Build configuration list for PBXNativeTarget "sequencerTests" */;
			buildPhases = (
				4110D66D1AAA6A3600963C3E /* Sources */,
				4110D66E1AAA6A3600963C3E /* Frameworks */,
				4110D66F1AAA6A3600963C3E /* Resources */,
			);
			buildRules = (
			);
			dependencies = (
				4110D6731AAA6A3600963C3E /* PBXTargetDependency */,
			);
			name = sequencerTests;
			productName = sequencerTests;
			productReference = 4110D6711AAA6A3600963C3E /* sequencerTests.xctest */;
			productType = "com.apple.product-type.bundle.unit-test";
		};
/* End PBXNativeTarget section */

/* Begin PBXProject section */
		4110D6501AAA6A3500963C3E /* Project object */ = {
			isa = PBXProject;
			attributes = {
				LastUpgradeCheck = 0610;
				ORGANIZATIONNAME = "Corné";
				TargetAttributes = {
					4110D6571AAA6A3500963C3E = {
						CreatedOnToolsVersion = 6.1.1;
					};
					4110D6701AAA6A3600963C3E = {
						CreatedOnToolsVersion = 6.1.1;
						TestTargetID = 4110D6571AAA6A3500963C3E;
					};
				};
			};
			buildConfigurationList = 4110D6531AAA6A3500963C3E /* Build configuration list for PBXProject "sequencer" */;
			compatibilityVersion = "Xcode 3.2";
			developmentRegion = English;
			hasScannedForEncodings = 0;
			knownRegions = (
				en,
				Base,
			);
			mainGroup = 4110D64F1AAA6A3500963C3E;
			productRefGroup = 4110D6591AAA6A3500963C3E /* Products */;
			projectDirPath = "";
			projectRoot = "";
			targets = (
				4110D6571AAA6A3500963C3E /* sequencer */,
				4110D6701AAA6A3600963C3E /* sequencerTests */,
			);
		};
/* End PBXProject section */

/* Begin PBXResourcesBuildPhase section */
		4110D6561AAA6A3500963C3E /* Resources */ = {
			isa = PBXResourcesBuildPhase;
			buildActionMask = 2147483647;
			files = (
				416FA7741AAB1C1700CC09C2 /* SEQHarmonicGridCell.xib in Resources */,
				41BD089E1AAB028700020457 /* SEQHarmonicGridViewController.xib in Resources */,
				4110D66C1AAA6A3500963C3E /* LaunchScreen.xib in Resources */,
				4110D6691AAA6A3500963C3E /* Images.xcassets in Resources */,
			);
			runOnlyForDeploymentPostprocessing = 0;
		};
		4110D66F1AAA6A3600963C3E /* Resources */ = {
			isa = PBXResourcesBuildPhase;
			buildActionMask = 2147483647;
			files = (
			);
			runOnlyForDeploymentPostprocessing = 0;
		};
/* End PBXResourcesBuildPhase section */

/* Begin PBXShellScriptBuildPhase section */
		62E0B68C5E240CAAAF55778F /* Copy Pods Resources */ = {
			isa = PBXShellScriptBuildPhase;
			buildActionMask = 2147483647;
			files = (
			);
			inputPaths = (
			);
			name = "Copy Pods Resources";
			outputPaths = (
			);
			runOnlyForDeploymentPostprocessing = 0;
			shellPath = /bin/sh;
			shellScript = "\"${SRCROOT}/Pods/Target Support Files/Pods/Pods-resources.sh\"\n";
			showEnvVarsInLog = 0;
		};
		DFF5AB49E91878E2BCAA2EBB /* Check Pods Manifest.lock */ = {
			isa = PBXShellScriptBuildPhase;
			buildActionMask = 2147483647;
			files = (
			);
			inputPaths = (
			);
			name = "Check Pods Manifest.lock";
			outputPaths = (
			);
			runOnlyForDeploymentPostprocessing = 0;
			shellPath = /bin/sh;
			shellScript = "diff \"${PODS_ROOT}/../Podfile.lock\" \"${PODS_ROOT}/Manifest.lock\" > /dev/null\nif [[ $? != 0 ]] ; then\n    cat << EOM\nerror: The sandbox is not in sync with the Podfile.lock. Run 'pod install' or update your CocoaPods installation.\nEOM\n    exit 1\nfi\n";
			showEnvVarsInLog = 0;
		};
/* End PBXShellScriptBuildPhase section */

/* Begin PBXSourcesBuildPhase section */
		4110D6541AAA6A3500963C3E /* Sources */ = {
			isa = PBXSourcesBuildPhase;
			buildActionMask = 2147483647;
			files = (
				4110D6641AAA6A3500963C3E /* SEQHarmonicGridViewController.m in Sources */,
				41BD089D1AAB028700020457 /* SEQHarmonicGridCollectionView.m in Sources */,
				4110D6611AAA6A3500963C3E /* SEQAppDelegate.m in Sources */,
				416FA7731AAB1C1700CC09C2 /* SEQHarmonicGridCell.m in Sources */,
				4110D65E1AAA6A3500963C3E /* main.m in Sources */,
				412FF26A1AAB868700124931 /* SEQHarmonicGridLayout.m in Sources */,
			);
			runOnlyForDeploymentPostprocessing = 0;
		};
		4110D66D1AAA6A3600963C3E /* Sources */ = {
			isa = PBXSourcesBuildPhase;
			buildActionMask = 2147483647;
			files = (
				4110D6781AAA6A3600963C3E /* sequencerTests.m in Sources */,
			);
			runOnlyForDeploymentPostprocessing = 0;
		};
/* End PBXSourcesBuildPhase section */

/* Begin PBXTargetDependency section */
		4110D6731AAA6A3600963C3E /* PBXTargetDependency */ = {
			isa = PBXTargetDependency;
			target = 4110D6571AAA6A3500963C3E /* sequencer */;
			targetProxy = 4110D6721AAA6A3600963C3E /* PBXContainerItemProxy */;
		};
/* End PBXTargetDependency section */

/* Begin PBXVariantGroup section */
		4110D66A1AAA6A3500963C3E /* LaunchScreen.xib */ = {
			isa = PBXVariantGroup;
			children = (
				4110D66B1AAA6A3500963C3E /* Base */,
			);
			name = LaunchScreen.xib;
			sourceTree = "<group>";
		};
/* End PBXVariantGroup section */

/* Begin XCBuildConfiguration section */
		4110D6791AAA6A3600963C3E /* Debug */ = {
			isa = XCBuildConfiguration;
			buildSettings = {
				ALWAYS_SEARCH_USER_PATHS = NO;
				CLANG_CXX_LANGUAGE_STANDARD = "gnu++0x";
				CLANG_CXX_LIBRARY = "libc++";
				CLANG_ENABLE_MODULES = YES;
				CLANG_ENABLE_OBJC_ARC = YES;
				CLANG_WARN_BOOL_CONVERSION = YES;
				CLANG_WARN_CONSTANT_CONVERSION = YES;
				CLANG_WARN_DIRECT_OBJC_ISA_USAGE = YES_ERROR;
				CLANG_WARN_EMPTY_BODY = YES;
				CLANG_WARN_ENUM_CONVERSION = YES;
				CLANG_WARN_INT_CONVERSION = YES;
				CLANG_WARN_OBJC_ROOT_CLASS = YES_ERROR;
				CLANG_WARN_UNREACHABLE_CODE = YES;
				CLANG_WARN__DUPLICATE_METHOD_MATCH = YES;
				"CODE_SIGN_IDENTITY[sdk=iphoneos*]" = "iPhone Developer";
				COPY_PHASE_STRIP = NO;
				ENABLE_STRICT_OBJC_MSGSEND = YES;
				GCC_C_LANGUAGE_STANDARD = gnu99;
				GCC_DYNAMIC_NO_PIC = NO;
				GCC_OPTIMIZATION_LEVEL = 0;
				GCC_PREPROCESSOR_DEFINITIONS = (
					"DEBUG=1",
					"$(inherited)",
				);
				GCC_SYMBOLS_PRIVATE_EXTERN = NO;
				GCC_WARN_64_TO_32_BIT_CONVERSION = YES;
				GCC_WARN_ABOUT_RETURN_TYPE = YES_ERROR;
				GCC_WARN_UNDECLARED_SELECTOR = YES;
				GCC_WARN_UNINITIALIZED_AUTOS = YES_AGGRESSIVE;
				GCC_WARN_UNUSED_FUNCTION = YES;
				GCC_WARN_UNUSED_VARIABLE = YES;
				IPHONEOS_DEPLOYMENT_TARGET = 8.1;
				MTL_ENABLE_DEBUG_INFO = YES;
				ONLY_ACTIVE_ARCH = YES;
				SDKROOT = iphoneos;
				TARGETED_DEVICE_FAMILY = "1,2";
			};
			name = Debug;
		};
		4110D67A1AAA6A3600963C3E /* Release */ = {
			isa = XCBuildConfiguration;
			buildSettings = {
				ALWAYS_SEARCH_USER_PATHS = NO;
				CLANG_CXX_LANGUAGE_STANDARD = "gnu++0x";
				CLANG_CXX_LIBRARY = "libc++";
				CLANG_ENABLE_MODULES = YES;
				CLANG_ENABLE_OBJC_ARC = YES;
				CLANG_WARN_BOOL_CONVERSION = YES;
				CLANG_WARN_CONSTANT_CONVERSION = YES;
				CLANG_WARN_DIRECT_OBJC_ISA_USAGE = YES_ERROR;
				CLANG_WARN_EMPTY_BODY = YES;
				CLANG_WARN_ENUM_CONVERSION = YES;
				CLANG_WARN_INT_CONVERSION = YES;
				CLANG_WARN_OBJC_ROOT_CLASS = YES_ERROR;
				CLANG_WARN_UNREACHABLE_CODE = YES;
				CLANG_WARN__DUPLICATE_METHOD_MATCH = YES;
				"CODE_SIGN_IDENTITY[sdk=iphoneos*]" = "iPhone Developer";
				COPY_PHASE_STRIP = YES;
				ENABLE_NS_ASSERTIONS = NO;
				ENABLE_STRICT_OBJC_MSGSEND = YES;
				GCC_C_LANGUAGE_STANDARD = gnu99;
				GCC_WARN_64_TO_32_BIT_CONVERSION = YES;
				GCC_WARN_ABOUT_RETURN_TYPE = YES_ERROR;
				GCC_WARN_UNDECLARED_SELECTOR = YES;
				GCC_WARN_UNINITIALIZED_AUTOS = YES_AGGRESSIVE;
				GCC_WARN_UNUSED_FUNCTION = YES;
				GCC_WARN_UNUSED_VARIABLE = YES;
				IPHONEOS_DEPLOYMENT_TARGET = 8.1;
				MTL_ENABLE_DEBUG_INFO = NO;
				SDKROOT = iphoneos;
				TARGETED_DEVICE_FAMILY = "1,2";
				VALIDATE_PRODUCT = YES;
			};
			name = Release;
		};
		4110D67C1AAA6A3600963C3E /* Debug */ = {
			isa = XCBuildConfiguration;
			baseConfigurationReference = AE1166DFA789C5706459A499 /* Pods.debug.xcconfig */;
			buildSettings = {
				ASSETCATALOG_COMPILER_APPICON_NAME = AppIcon;
				INFOPLIST_FILE = sequencer/Info.plist;
				LD_RUNPATH_SEARCH_PATHS = "$(inherited) @executable_path/Frameworks";
				PRODUCT_NAME = "$(TARGET_NAME)";
			};
			name = Debug;
		};
		4110D67D1AAA6A3600963C3E /* Release */ = {
			isa = XCBuildConfiguration;
			baseConfigurationReference = E997252DD591CCAEFC89DAB5 /* Pods.release.xcconfig */;
			buildSettings = {
				ASSETCATALOG_COMPILER_APPICON_NAME = AppIcon;
				INFOPLIST_FILE = sequencer/Info.plist;
				LD_RUNPATH_SEARCH_PATHS = "$(inherited) @executable_path/Frameworks";
				PRODUCT_NAME = "$(TARGET_NAME)";
			};
			name = Release;
		};
		4110D67F1AAA6A3600963C3E /* Debug */ = {
			isa = XCBuildConfiguration;
			buildSettings = {
				BUNDLE_LOADER = "$(TEST_HOST)";
				FRAMEWORK_SEARCH_PATHS = (
					"$(SDKROOT)/Developer/Library/Frameworks",
					"$(inherited)",
				);
				GCC_PREPROCESSOR_DEFINITIONS = (
					"DEBUG=1",
					"$(inherited)",
				);
				INFOPLIST_FILE = sequencerTests/Info.plist;
				LD_RUNPATH_SEARCH_PATHS = "$(inherited) @executable_path/Frameworks @loader_path/Frameworks";
				PRODUCT_NAME = "$(TARGET_NAME)";
				TEST_HOST = "$(BUILT_PRODUCTS_DIR)/sequencer.app/sequencer";
			};
			name = Debug;
		};
		4110D6801AAA6A3600963C3E /* Release */ = {
			isa = XCBuildConfiguration;
			buildSettings = {
				BUNDLE_LOADER = "$(TEST_HOST)";
				FRAMEWORK_SEARCH_PATHS = (
					"$(SDKROOT)/Developer/Library/Frameworks",
					"$(inherited)",
				);
				INFOPLIST_FILE = sequencerTests/Info.plist;
				LD_RUNPATH_SEARCH_PATHS = "$(inherited) @executable_path/Frameworks @loader_path/Frameworks";
				PRODUCT_NAME = "$(TARGET_NAME)";
				TEST_HOST = "$(BUILT_PRODUCTS_DIR)/sequencer.app/sequencer";
			};
			name = Release;
		};
/* End XCBuildConfiguration section */

/* Begin XCConfigurationList section */
		4110D6531AAA6A3500963C3E /* Build configuration list for PBXProject "sequencer" */ = {
			isa = XCConfigurationList;
			buildConfigurations = (
				4110D6791AAA6A3600963C3E /* Debug */,
				4110D67A1AAA6A3600963C3E /* Release */,
			);
			defaultConfigurationIsVisible = 0;
			defaultConfigurationName = Release;
		};
		4110D67B1AAA6A3600963C3E /* Build configuration list for PBXNativeTarget "sequencer" */ = {
			isa = XCConfigurationList;
			buildConfigurations = (
				4110D67C1AAA6A3600963C3E /* Debug */,
				4110D67D1AAA6A3600963C3E /* Release */,
			);
			defaultConfigurationIsVisible = 0;
			defaultConfigurationName = Release;
		};
		4110D67E1AAA6A3600963C3E /* Build configuration list for PBXNativeTarget "sequencerTests" */ = {
			isa = XCConfigurationList;
			buildConfigurations = (
				4110D67F1AAA6A3600963C3E /* Debug */,
				4110D6801AAA6A3600963C3E /* Release */,
			);
			defaultConfigurationIsVisible = 0;
			defaultConfigurationName = Release;
		};
/* End XCConfigurationList section */
	};
	rootObject = 4110D6501AAA6A3500963C3E /* Project object */;
}
